<?xml version="1.0" encoding="utf-8"?>
<Project ToolsVersion="4.0" xmlns="http://schemas.microsoft.com/developer/msbuild/2003">
  <ItemGroup>
    <Filter Include="Source Files">
      <UniqueIdentifier>{4FC737F1-C7A5-4376-A066-2A32D752A2FF}</UniqueIdentifier>
      <Extensions>cpp;c;cc;cxx;def;odl;idl;hpj;bat;asm;asmx</Extensions>
    </Filter>
    <Filter Include="Header Files">
      <UniqueIdentifier>{93995380-89BD-4b04-88EB-625FBE52EBFB}</UniqueIdentifier>
      <Extensions>h;hh;hpp;hxx;hm;inl;inc;xsd</Extensions>
    </Filter>
    <Filter Include="Resource Files">
      <UniqueIdentifier>{67DA6AB6-F800-4c08-8B7A-83BB121AAD01}</UniqueIdentifier>
      <Extensions>rc;ico;cur;bmp;dlg;rc2;rct;bin;rgs;gif;jpg;jpeg;jpe;resx;tiff;tif;png;wav;mfcribbon-ms</Extensions>
    </Filter>
    <Filter Include="Plot">
      <UniqueIdentifier>{fc205c25-7a69-482d-b5af-dad009bd1d61}</UniqueIdentifier>
    </Filter>
    <Filter Include="View">
      <UniqueIdentifier>{da27ff38-7958-4f62-9471-e5e2b662e538}</UniqueIdentifier>
    </Filter>
    <Filter Include="Application">
      <UniqueIdentifier>{3e14ebf0-ef9f-4b1f-b5d6-7144031a6fee}</UniqueIdentifier>
    </Filter>
    <Filter Include="Parser">
      <UniqueIdentifier>{8349d9b1-bfc7-4438-a0ab-97df12a290d1}</UniqueIdentifier>
    </Filter>
    <Filter Include="Draw">
      <UniqueIdentifier>{48a1fb3f-3822-4679-b2c5-cc992849bb33}</UniqueIdentifier>
    </Filter>
    <Filter Include="Global">
      <UniqueIdentifier>{8b0c458f-dfa4-442f-b54b-168374bd3a9d}</UniqueIdentifier>
    </Filter>
    <Filter Include="Global\Functions">
      <UniqueIdentifier>{ddf1f383-c662-4e4c-897d-9f7b981620a7}</UniqueIdentifier>
    </Filter>
    <Filter Include="Application\Service">
      <UniqueIdentifier>{41d0b6fc-4b4b-435a-aa2c-cd12e22cc9f4}</UniqueIdentifier>
    </Filter>
    <Filter Include="Parser\Component">
      <UniqueIdentifier>{5b1681ae-fee4-4c8f-b70c-7b224c3b8306}</UniqueIdentifier>
    </Filter>
    <Filter Include="Parser\Component\Validator">
      <UniqueIdentifier>{7af8adf2-c153-4207-9ea8-1e9cf7a0cd11}</UniqueIdentifier>
    </Filter>
    <Filter Include="Parser\FunctionParser">
      <UniqueIdentifier>{02d647f1-0bd8-4bef-a518-502bb02faef5}</UniqueIdentifier>
    </Filter>
    <Filter Include="Parser\OperatorParser">
      <UniqueIdentifier>{68ac35ae-ad30-4d1a-ba49-e5abaefdeb11}</UniqueIdentifier>
    </Filter>
    <Filter Include="Parser\OperatorParser\Operator">
      <UniqueIdentifier>{1fbd4ade-74fe-4638-95a6-e6fe312ec1b8}</UniqueIdentifier>
    </Filter>
    <Filter Include="Parser\ConstParser">
      <UniqueIdentifier>{006df2d2-f1d7-47c2-897a-de78f43166f0}</UniqueIdentifier>
    </Filter>
    <Filter Include="Application\Service\DragHandler">
      <UniqueIdentifier>{0f43473c-ef13-497d-8365-ed04b9d06ec4}</UniqueIdentifier>
    </Filter>
    <Filter Include="Application\Service\DrawTaskHandler">
      <UniqueIdentifier>{e30d0c35-fe71-4bb1-8d0d-a3f96aeff340}</UniqueIdentifier>
    </Filter>
    <Filter Include="Application\Service\WindowEventHandler">
      <UniqueIdentifier>{d52f5bd6-a324-4dd4-bed2-ad8dcb681ddd}</UniqueIdentifier>
    </Filter>
    <Filter Include="Application\Variables">
      <UniqueIdentifier>{a7e4d7ac-142f-4b6d-922c-c6710af03862}</UniqueIdentifier>
    </Filter>
    <Filter Include="Parser\ArgumentParser">
      <UniqueIdentifier>{0d5ed3e7-a810-405f-ad46-c6bb26120992}</UniqueIdentifier>
    </Filter>
    <Filter Include="Parser\PackParser">
      <UniqueIdentifier>{9ccdf522-6b7e-4168-b2a1-bf398af62919}</UniqueIdentifier>
    </Filter>
    <Filter Include="Parser\VariableParser">
      <UniqueIdentifier>{97865d16-16ed-49eb-baa4-9c9943e262fa}</UniqueIdentifier>
    </Filter>
    <Filter Include="Parser\AssignAnalizer">
      <UniqueIdentifier>{c5604722-3c11-47fd-872a-06903f222636}</UniqueIdentifier>
    </Filter>
    <Filter Include="Parser\Component\FunctionRecognizer">
      <UniqueIdentifier>{772d50e8-3a9d-4966-a065-cfc449c28324}</UniqueIdentifier>
    </Filter>
    <Filter Include="Parser\Component\CommandSeparatorComponent">
      <UniqueIdentifier>{bd6d7794-875b-44a3-b96f-48d77c6578e2}</UniqueIdentifier>
    </Filter>
    <Filter Include="Draw\Cursor">
      <UniqueIdentifier>{7a263d65-764c-4cdd-bafa-25724adc64f5}</UniqueIdentifier>
    </Filter>
  </ItemGroup>
  <ItemGroup>
    <ClInclude Include="Plot.h">
      <Filter>Plot</Filter>
    </ClInclude>
    <ClInclude Include="types.h">
      <Filter>Global</Filter>
    </ClInclude>
    <ClInclude Include="PlotHandler.h">
      <Filter>Plot</Filter>
    </ClInclude>
    <ClInclude Include="View.h">
      <Filter>View</Filter>
    </ClInclude>
    <ClInclude Include="Application.h">
      <Filter>Application</Filter>
    </ClInclude>
    <ClInclude Include="ServiceHandler.h">
      <Filter>Application\Service</Filter>
    </ClInclude>
    <ClInclude Include="constants.h">
      <Filter>Global</Filter>
    </ClInclude>
    <ClInclude Include="DrawTask.h">
      <Filter>Draw</Filter>
    </ClInclude>
    <ClInclude Include="AppComponent.h">
      <Filter>Application</Filter>
    </ClInclude>
    <ClInclude Include="Grid.h">
      <Filter>Draw</Filter>
    </ClInclude>
    <ClInclude Include="Axis.h">
      <Filter>Draw</Filter>
    </ClInclude>
    <ClInclude Include="XAxis.h">
      <Filter>Draw</Filter>
    </ClInclude>
    <ClInclude Include="AppConstants.h">
      <Filter>Global</Filter>
    </ClInclude>
    <ClInclude Include="YAxis.h">
      <Filter>Draw</Filter>
    </ClInclude>
    <ClInclude Include="CommandAnalizer.h">
      <Filter>Parser</Filter>
    </ClInclude>
    <ClInclude Include="Functions.h">
      <Filter>Global\Functions</Filter>
    </ClInclude>
    <ClInclude Include="FuncMap.h">
      <Filter>Global\Functions</Filter>
    </ClInclude>
    <ClInclude Include="ExprMap.h">
      <Filter>Global\Functions</Filter>
    </ClInclude>
    <ClInclude Include="Service.h">
      <Filter>Application\Service</Filter>
    </ClInclude>
    <ClInclude Include="PredefConstParser.h">
      <Filter>Parser</Filter>
    </ClInclude>
    <ClInclude Include="PredefConstMap.h">
      <Filter>Global\Functions</Filter>
    </ClInclude>
    <ClInclude Include="DrawHandler.h">
      <Filter>Draw</Filter>
    </ClInclude>
    <ClInclude Include="AnalizerComponent.h">
      <Filter>Parser\Component</Filter>
    </ClInclude>
    <ClInclude Include="ValidationRule.h">
      <Filter>Parser\Component\Validator</Filter>
    </ClInclude>
    <ClInclude Include="IllegalCharRule.h">
      <Filter>Parser\Component\Validator</Filter>
    </ClInclude>
    <ClInclude Include="FunctionParser.h">
      <Filter>Parser\FunctionParser</Filter>
    </ClInclude>
    <ClInclude Include="InterfixOperator.h">
      <Filter>Parser\OperatorParser\Operator</Filter>
    </ClInclude>
    <ClInclude Include="Operator.h">
      <Filter>Parser\OperatorParser\Operator</Filter>
    </ClInclude>
    <ClInclude Include="PostfixOperator.h">
      <Filter>Parser\OperatorParser\Operator</Filter>
    </ClInclude>
    <ClInclude Include="PrefixOperator.h">
      <Filter>Parser\OperatorParser\Operator</Filter>
    </ClInclude>
    <ClInclude Include="OperatorParser.h">
      <Filter>Parser\OperatorParser</Filter>
    </ClInclude>
    <ClInclude Include="ConstParser.h">
      <Filter>Parser\ConstParser</Filter>
    </ClInclude>
    <ClInclude Include="Parser.h">
      <Filter>Parser</Filter>
    </ClInclude>
    <ClInclude Include="DragHandler.h">
      <Filter>Application\Service\DragHandler</Filter>
    </ClInclude>
    <ClInclude Include="DrawTaskHandler.h">
      <Filter>Application\Service\DrawTaskHandler</Filter>
    </ClInclude>
    <ClInclude Include="WindowEventHandler.h">
      <Filter>Application\Service\WindowEventHandler</Filter>
    </ClInclude>
    <ClInclude Include="CommandValidator.h">
      <Filter>Parser\Component\Validator</Filter>
    </ClInclude>
    <ClInclude Include="PackExpr.h">
      <Filter>Application</Filter>
    </ClInclude>
    <ClInclude Include="Variables.h">
      <Filter>Application\Variables</Filter>
    </ClInclude>
    <ClInclude Include="ArgumentParser.h">
      <Filter>Parser\ArgumentParser</Filter>
    </ClInclude>
    <ClInclude Include="PackParser.h">
      <Filter>Parser\PackParser</Filter>
    </ClInclude>
    <ClInclude Include="RefExpr.h">
      <Filter>Application</Filter>
    </ClInclude>
    <ClInclude Include="VariableParser.h">
      <Filter>Parser\VariableParser</Filter>
    </ClInclude>
    <ClInclude Include="AssignAnalizer.h">
      <Filter>Parser\AssignAnalizer</Filter>
    </ClInclude>
    <ClInclude Include="FunctionRecognizer.h">
      <Filter>Parser\Component\FunctionRecognizer</Filter>
    </ClInclude>
    <ClInclude Include="CommandSeparatorComponent.h">
      <Filter>Parser\Component\CommandSeparatorComponent</Filter>
    </ClInclude>
    <ClInclude Include="Cursor.h">
      <Filter>Draw\Cursor</Filter>
    </ClInclude>
    <ClInclude Include="CrossCursor.h">
      <Filter>Draw\Cursor</Filter>
    </ClInclude>
    <ClInclude Include="SimpleCursor.h">
      <Filter>Draw\Cursor</Filter>
    </ClInclude>
  </ItemGroup>
  <ItemGroup>
    <ClCompile Include="Plot.cpp">
      <Filter>Plot</Filter>
    </ClCompile>
    <ClCompile Include="Source.cpp">
      <Filter>Source Files</Filter>
    </ClCompile>
    <ClCompile Include="PlotHandler.cpp">
      <Filter>Plot</Filter>
    </ClCompile>
    <ClCompile Include="Application.cpp">
      <Filter>Application</Filter>
    </ClCompile>
    <ClCompile Include="View.cpp">
      <Filter>View</Filter>
    </ClCompile>
    <ClCompile Include="ServiceHandler.cpp">
      <Filter>Application\Service</Filter>
    </ClCompile>
    <ClCompile Include="AppComponent.cpp">
      <Filter>Application</Filter>
    </ClCompile>
    <ClCompile Include="Grid.cpp">
      <Filter>Draw</Filter>
    </ClCompile>
    <ClCompile Include="Axis.cpp">
      <Filter>Draw</Filter>
    </ClCompile>
    <ClCompile Include="XAxis.cpp">
      <Filter>Draw</Filter>
    </ClCompile>
    <ClCompile Include="YAxis.cpp">
      <Filter>Draw</Filter>
    </ClCompile>
    <ClCompile Include="CommandAnalizer.cpp">
      <Filter>Parser</Filter>
    </ClCompile>
    <ClCompile Include="Functions.cpp">
      <Filter>Global\Functions</Filter>
    </ClCompile>
    <ClCompile Include="DrawHandler.cpp">
      <Filter>Draw</Filter>
    </ClCompile>
    <ClCompile Include="ExprMap.cpp">
      <Filter>Global\Functions</Filter>
    </ClCompile>
    <ClCompile Include="Service.cpp">
      <Filter>Application\Service</Filter>
    </ClCompile>
    <ClCompile Include="PredefConstParser.cpp">
      <Filter>Parser</Filter>
    </ClCompile>
    <ClCompile Include="AnalizerComponent.cpp">
      <Filter>Parser\Component</Filter>
    </ClCompile>
    <ClCompile Include="IllegalCharRule.cpp">
      <Filter>Parser\Component\Validator</Filter>
    </ClCompile>
    <ClCompile Include="FunctionParser.cpp">
      <Filter>Parser\FunctionParser</Filter>
    </ClCompile>
    <ClCompile Include="InterfixOperator.cpp">
      <Filter>Parser\OperatorParser\Operator</Filter>
    </ClCompile>
    <ClCompile Include="Operator.cpp">
      <Filter>Parser\OperatorParser\Operator</Filter>
    </ClCompile>
    <ClCompile Include="PostfixOperator.cpp">
      <Filter>Parser\OperatorParser\Operator</Filter>
    </ClCompile>
    <ClCompile Include="PrefixOperator.cpp">
      <Filter>Parser\OperatorParser\Operator</Filter>
    </ClCompile>
    <ClCompile Include="OperatorParser.cpp">
      <Filter>Parser\OperatorParser</Filter>
    </ClCompile>
    <ClCompile Include="ConstParser.cpp">
      <Filter>Parser\ConstParser</Filter>
    </ClCompile>
    <ClCompile Include="Parser.cpp">
      <Filter>Parser</Filter>
    </ClCompile>
    <ClCompile Include="DragHandler.cpp">
      <Filter>Application\Service\DragHandler</Filter>
    </ClCompile>
    <ClCompile Include="DrawTaskHandler.cpp">
      <Filter>Application\Service\DrawTaskHandler</Filter>
    </ClCompile>
    <ClCompile Include="WindowEventHandler.cpp">
      <Filter>Application\Service\WindowEventHandler</Filter>
    </ClCompile>
    <ClCompile Include="CommandValidator.cpp">
      <Filter>Parser\Component\Validator</Filter>
    </ClCompile>
    <ClCompile Include="Variables.cpp">
      <Filter>Application\Variables</Filter>
    </ClCompile>
    <ClCompile Include="ArgumentParser.cpp">
      <Filter>Parser\ArgumentParser</Filter>
    </ClCompile>
    <ClCompile Include="PackParser.cpp">
      <Filter>Parser\PackParser</Filter>
    </ClCompile>
    <ClCompile Include="DrawTask.cpp">
      <Filter>Draw</Filter>
    </ClCompile>
    <ClCompile Include="VariableParser.cpp">
      <Filter>Parser\VariableParser</Filter>
    </ClCompile>
    <ClCompile Include="AssignAnalizer.cpp">
      <Filter>Parser\AssignAnalizer</Filter>
    </ClCompile>
    <ClCompile Include="FunctionRecognizer.cpp">
      <Filter>Parser\Component\FunctionRecognizer</Filter>
    </ClCompile>
    <ClCompile Include="CommandSeparatorComponent.cpp">
      <Filter>Parser\Component\CommandSeparatorComponent</Filter>
    </ClCompile>
    <ClCompile Include="Cursor.cpp">
      <Filter>Draw\Cursor</Filter>
    </ClCompile>
    <ClCompile Include="SimpleCursor.cpp">
      <Filter>Draw\Cursor</Filter>
    </ClCompile>
    <ClCompile Include="CrossCursor.cpp">
      <Filter>Draw\Cursor</Filter>
    </ClCompile>
  </ItemGroup>
</Project>